
Microsoft Visual Studio Solution File, Format Version 12.00
# Visual Studio Express 15 for Windows Desktop
VisualStudioVersion = 15.0.27130.2027
MinimumVisualStudioVersion = 10.0.40219.1
Project("{FAE04EC0-301F-11D3-BF4B-00C04F79EFBC}") = "2D platformer", "2D platformer\2D platformer.csproj", "{688E21CB-8330-4ABB-B3D7-39CBFB264892}"
EndProject
Global
	GlobalSection(SolutionConfigurationPlatforms) = preSolution
		Debug|Any CPU = Debug|Any CPU
		Release|Any CPU = Release|Any CPU
	EndGlobalSection
	GlobalSection(ProjectConfigurationPlatforms) = postSolution
		{688E21CB-8330-4ABB-B3D7-39CBFB264892}.Debug|Any CPU.ActiveCfg = Debug|Any CPU
		{688E21CB-8330-4ABB-B3D7-39CBFB264892}.Debug|Any CPU.Build.0 = Debug|Any CPU
		{688E21CB-8330-4ABB-B3D7-39CBFB264892}.Release|Any CPU.ActiveCfg = Release|Any CPU
		{688E21CB-8330-4ABB-B3D7-39CBFB264892}.Release|Any CPU.Build.0 = Release|Any CPU
	EndGlobalSection
	GlobalSection(SolutionProperties) = preSolution
		HideSolutionNode = FALSE
	EndGlobalSection
	GlobalSection(ExtensibilityGlobals) = postSolution
		SolutionGuid = {D8D67192-59DD-4EDF-ABBD-4834694E6C35}
	EndGlobalSection
EndGlobal
